{
  "originHash" : "df7720b88909ab4d2209fb08b8e70dea4476ad88bf1fe44ffeb05b4ffe9e899e",
  "pins" : [
    {
      "identity" : "genericcollection",
      "kind" : "remoteSourceControl",
      "location" : "https://github.com/lelonco/GenericCollection.git",
      "state" : {
        "branch" : "master",
        "revision" : "8b9a1eb6677beb8e3c8dfaa628d5ea56a9499cc4"
      }
    },
    {
      "identity" : "kingfisher",
      "kind" : "remoteSourceControl",
      "location" : "https://github.com/onevcat/Kingfisher",
      "state" : {
        "revision" : "2ef543ee21d63734e1c004ad6c870255e8716c50",
        "version" : "7.12.0"
      }
    },
    {
      "identity" : "snapkit",
      "kind" : "remoteSourceControl",
      "location" : "https://github.com/SnapKit/SnapKit",
      "state" : {
        "revision" : "2842e6e84e82eb9a8dac0100ca90d9444b0307f4",
        "version" : "5.7.1"
      }
    }
  ],
  "version" : 3
}
